// !$*UTF8*$!
{
	archiveVersion = 1;
	classes = {
	};
	objectVersion = 46;
	objects = {

/* Begin PBXBuildFile section */
		FE4130341EA8E5CD0070F690 /* AppDelegate.swift in Sources */ = {isa = PBXBuildFile; fileRef = FE4130331EA8E5CD0070F690 /* AppDelegate.swift */; };
		FE4130361EA8E5CD0070F690 /* ViewController.swift in Sources */ = {isa = PBXBuildFile; fileRef = FE4130351EA8E5CD0070F690 /* ViewController.swift */; };
		FE4130391EA8E5CD0070F690 /* Phone.storyboard in Resources */ = {isa = PBXBuildFile; fileRef = FE4130371EA8E5CD0070F690 /* Phone.storyboard */; };
		FE41303B1EA8E5CD0070F690 /* Assets.xcassets in Resources */ = {isa = PBXBuildFile; fileRef = FE41303A1EA8E5CD0070F690 /* Assets.xcassets */; };
		FE7A7EB31EAC89360090833C /* AudioPlayer.swift in Sources */ = {isa = PBXBuildFile; fileRef = FE7A7EB21EAC89360090833C /* AudioPlayer.swift */; };
		FE7A7EB51EAC895A0090833C /* DataLoader.swift in Sources */ = {isa = PBXBuildFile; fileRef = FE7A7EB41EAC895A0090833C /* DataLoader.swift */; };
		FEBCF66D1F28C88E009D5773 /* GlobalConstant.swift in Sources */ = {isa = PBXBuildFile; fileRef = FEBCF66C1F28C88E009D5773 /* GlobalConstant.swift */; };
		FECAEAAE1F233B7A001C052B /* WukongClient.swift in Sources */ = {isa = PBXBuildFile; fileRef = FECAEAAD1F233B7A001C052B /* WukongClient.swift */; };
		FECAEAB01F234CD2001C052B /* ScriptLoader.swift in Sources */ = {isa = PBXBuildFile; fileRef = FECAEAAF1F234CD2001C052B /* ScriptLoader.swift */; };
/* End PBXBuildFile section */

/* Begin PBXFileReference section */
		FE4130301EA8E5CD0070F690 /* Wukong.app */ = {isa = PBXFileReference; explicitFileType = wrapper.application; includeInIndex = 0; path = Wukong.app; sourceTree = BUILT_PRODUCTS_DIR; };
		FE4130331EA8E5CD0070F690 /* AppDelegate.swift */ = {isa = PBXFileReference; lastKnownFileType = sourcecode.swift; path = AppDelegate.swift; sourceTree = "<group>"; };
		FE4130351EA8E5CD0070F690 /* ViewController.swift */ = {isa = PBXFileReference; lastKnownFileType = sourcecode.swift; path = ViewController.swift; sourceTree = "<group>"; };
		FE4130381EA8E5CD0070F690 /* Base */ = {isa = PBXFileReference; lastKnownFileType = file.storyboard; name = Base; path = Base.lproj/Phone.storyboard; sourceTree = "<group>"; };
		FE41303A1EA8E5CD0070F690 /* Assets.xcassets */ = {isa = PBXFileReference; lastKnownFileType = folder.assetcatalog; name = Assets.xcassets; path = Wukong/Assets.xcassets; sourceTree = "<group>"; };
		FE41303F1EA8E5CD0070F690 /* Info.plist */ = {isa = PBXFileReference; lastKnownFileType = text.plist.xml; name = Info.plist; path = Wukong/Info.plist; sourceTree = "<group>"; };
		FE7A7EB21EAC89360090833C /* AudioPlayer.swift */ = {isa = PBXFileReference; fileEncoding = 4; lastKnownFileType = sourcecode.swift; path = AudioPlayer.swift; sourceTree = "<group>"; };
		FE7A7EB41EAC895A0090833C /* DataLoader.swift */ = {isa = PBXFileReference; fileEncoding = 4; lastKnownFileType = sourcecode.swift; path = DataLoader.swift; sourceTree = "<group>"; };
		FEBCF66C1F28C88E009D5773 /* GlobalConstant.swift */ = {isa = PBXFileReference; fileEncoding = 4; lastKnownFileType = sourcecode.swift; path = GlobalConstant.swift; sourceTree = "<group>"; };
		FECAEAAD1F233B7A001C052B /* WukongClient.swift */ = {isa = PBXFileReference; fileEncoding = 4; lastKnownFileType = sourcecode.swift; path = WukongClient.swift; sourceTree = "<group>"; };
		FECAEAAF1F234CD2001C052B /* ScriptLoader.swift */ = {isa = PBXFileReference; fileEncoding = 4; lastKnownFileType = sourcecode.swift; path = ScriptLoader.swift; sourceTree = "<group>"; };
/* End PBXFileReference section */

/* Begin PBXFrameworksBuildPhase section */
		FE41302D1EA8E5CD0070F690 /* Frameworks */ = {
			isa = PBXFrameworksBuildPhase;
			buildActionMask = 2147483647;
			files = (
			);
			runOnlyForDeploymentPostprocessing = 0;
		};
/* End PBXFrameworksBuildPhase section */

/* Begin PBXGroup section */
		FE4130271EA8E5CD0070F690 = {
			isa = PBXGroup;
			children = (
				FE4130321EA8E5CD0070F690 /* Wukong */,
				FE4130451EA8E6A30070F690 /* Resource */,
				FE4130311EA8E5CD0070F690 /* Products */,
			);
			sourceTree = "<group>";
		};
		FE4130311EA8E5CD0070F690 /* Products */ = {
			isa = PBXGroup;
			children = (
				FE4130301EA8E5CD0070F690 /* Wukong.app */,
			);
			name = Products;
			sourceTree = "<group>";
		};
		FE4130321EA8E5CD0070F690 /* Wukong */ = {
			isa = PBXGroup;
			children = (
				FEBCF66C1F28C88E009D5773 /* GlobalConstant.swift */,
				FE4130331EA8E5CD0070F690 /* AppDelegate.swift */,
				FE4130351EA8E5CD0070F690 /* ViewController.swift */,
				FECAEAAD1F233B7A001C052B /* WukongClient.swift */,
				FECAEAAF1F234CD2001C052B /* ScriptLoader.swift */,
				FE7A7EB41EAC895A0090833C /* DataLoader.swift */,
				FE7A7EB21EAC89360090833C /* AudioPlayer.swift */,
			);
			path = Wukong;
			sourceTree = "<group>";
		};
		FE4130451EA8E6A30070F690 /* Resource */ = {
			isa = PBXGroup;
			children = (
				FE41303F1EA8E5CD0070F690 /* Info.plist */,
				FE41303A1EA8E5CD0070F690 /* Assets.xcassets */,
				FE4130371EA8E5CD0070F690 /* Phone.storyboard */,
			);
			name = Resource;
			sourceTree = "<group>";
		};
/* End PBXGroup section */

/* Begin PBXNativeTarget section */
		FE41302F1EA8E5CD0070F690 /* Wukong */ = {
			isa = PBXNativeTarget;
			buildConfigurationList = FE4130421EA8E5CD0070F690 /* Build configuration list for PBXNativeTarget "Wukong" */;
			buildPhases = (
				FE41302C1EA8E5CD0070F690 /* Sources */,
				FE41302D1EA8E5CD0070F690 /* Frameworks */,
				FE41302E1EA8E5CD0070F690 /* Resources */,
			);
			buildRules = (
			);
			dependencies = (
			);
			name = Wukong;
			productName = Wukong;
			productReference = FE4130301EA8E5CD0070F690 /* Wukong.app */;
			productType = "com.apple.product-type.application";
		};
/* End PBXNativeTarget section */

/* Begin PBXProject section */
		FE4130281EA8E5CD0070F690 /* Project object */ = {
			isa = PBXProject;
			attributes = {
				LastSwiftUpdateCheck = 0830;
				LastUpgradeCheck = 0830;
				ORGANIZATIONNAME = Qusic;
				TargetAttributes = {
					FE41302F1EA8E5CD0070F690 = {
						CreatedOnToolsVersion = 8.3.1;
						DevelopmentTeam = 7F6HZ4V33U;
						LastSwiftMigration = 0830;
						ProvisioningStyle = Automatic;
						SystemCapabilities = {
							com.apple.BackgroundModes = {
								enabled = 1;
							};
						};
					};
				};
			};
			buildConfigurationList = FE41302B1EA8E5CD0070F690 /* Build configuration list for PBXProject "Wukong" */;
			compatibilityVersion = "Xcode 3.2";
			developmentRegion = English;
			hasScannedForEncodings = 0;
			knownRegions = (
				en,
				Base,
			);
			mainGroup = FE4130271EA8E5CD0070F690;
			productRefGroup = FE4130311EA8E5CD0070F690 /* Products */;
			projectDirPath = "";
			projectRoot = "";
			targets = (
				FE41302F1EA8E5CD0070F690 /* Wukong */,
			);
		};
/* End PBXProject section */

/* Begin PBXResourcesBuildPhase section */
		FE41302E1EA8E5CD0070F690 /* Resources */ = {
			isa = PBXResourcesBuildPhase;
			buildActionMask = 2147483647;
			files = (
				FE41303B1EA8E5CD0070F690 /* Assets.xcassets in Resources */,
				FE4130391EA8E5CD0070F690 /* Phone.storyboard in Resources */,
			);
			runOnlyForDeploymentPostprocessing = 0;
		};
/* End PBXResourcesBuildPhase section */

/* Begin PBXSourcesBuildPhase section */
		FE41302C1EA8E5CD0070F690 /* Sources */ = {
			isa = PBXSourcesBuildPhase;
			buildActionMask = 2147483647;
			files = (
				FECAEAAE1F233B7A001C052B /* WukongClient.swift in Sources */,
				FEBCF66D1F28C88E009D5773 /* GlobalConstant.swift in Sources */,
				FECAEAB01F234CD2001C052B /* ScriptLoader.swift in Sources */,
				FE7A7EB51EAC895A0090833C /* DataLoader.swift in Sources */,
				FE4130361EA8E5CD0070F690 /* ViewController.swift in Sources */,
				FE4130341EA8E5CD0070F690 /* AppDelegate.swift in Sources */,
				FE7A7EB31EAC89360090833C /* AudioPlayer.swift in Sources */,
			);
			runOnlyForDeploymentPostprocessing = 0;
		};
/* End PBXSourcesBuildPhase section */

/* Begin PBXVariantGroup section */
		FE4130371EA8E5CD0070F690 /* Phone.storyboard */ = {
			isa = PBXVariantGroup;
			children = (
				FE4130381EA8E5CD0070F690 /* Base */,
			);
			name = Phone.storyboard;
			path = Wukong;
			sourceTree = "<group>";
		};
/* End PBXVariantGroup section */

/* Begin XCBuildConfiguration section */
		FE4130401EA8E5CD0070F690 /* Debug */ = {
			isa = XCBuildConfiguration;
			buildSettings = {
				ALWAYS_SEARCH_USER_PATHS = NO;
				CLANG_ANALYZER_NONNULL = YES;
				CLANG_ANALYZER_NUMBER_OBJECT_CONVERSION = YES_AGGRESSIVE;
				CLANG_CXX_LANGUAGE_STANDARD = "gnu++0x";
				CLANG_CXX_LIBRARY = "libc++";
				CLANG_ENABLE_MODULES = YES;
				CLANG_ENABLE_OBJC_ARC = YES;
				CLANG_WARN_BOOL_CONVERSION = YES;
				CLANG_WARN_CONSTANT_CONVERSION = YES;
				CLANG_WARN_DIRECT_OBJC_ISA_USAGE = YES_ERROR;
				CLANG_WARN_DOCUMENTATION_COMMENTS = YES;
				CLANG_WARN_EMPTY_BODY = YES;
				CLANG_WARN_ENUM_CONVERSION = YES;
				CLANG_WARN_INFINITE_RECURSION = YES;
				CLANG_WARN_INT_CONVERSION = YES;
				CLANG_WARN_OBJC_ROOT_CLASS = YES_ERROR;
				CLANG_WARN_SUSPICIOUS_MOVE = YES;
				CLANG_WARN_UNREACHABLE_CODE = YES;
				CLANG_WARN__DUPLICATE_METHOD_MATCH = YES;
				"CODE_SIGN_IDENTITY[sdk=iphoneos*]" = "iPhone Developer";
				COPY_PHASE_STRIP = NO;
				DEBUG_INFORMATION_FORMAT = dwarf;
				ENABLE_STRICT_OBJC_MSGSEND = YES;
				ENABLE_TESTABILITY = YES;
				GCC_C_LANGUAGE_STANDARD = gnu99;
				GCC_DYNAMIC_NO_PIC = NO;
				GCC_NO_COMMON_BLOCKS = YES;
				GCC_OPTIMIZATION_LEVEL = 0;
				GCC_PREPROCESSOR_DEFINITIONS = (
					"DEBUG=1",
					"$(inherited)",
				);
				GCC_WARN_64_TO_32_BIT_CONVERSION = YES;
				GCC_WARN_ABOUT_RETURN_TYPE = YES_ERROR;
				GCC_WARN_UNDECLARED_SELECTOR = YES;
				GCC_WARN_UNINITIALIZED_AUTOS = YES_AGGRESSIVE;
				GCC_WARN_UNUSED_FUNCTION = YES;
				GCC_WARN_UNUSED_VARIABLE = YES;
				IPHONEOS_DEPLOYMENT_TARGET = 10.3;
				MTL_ENABLE_DEBUG_INFO = YES;
				ONLY_ACTIVE_ARCH = YES;
				SDKROOT = iphoneos;
				SWIFT_ACTIVE_COMPILATION_CONDITIONS = DEBUG;
				SWIFT_OPTIMIZATION_LEVEL = "-Onone";
				TARGETED_DEVICE_FAMILY = "1,2";
			};
			name = Debug;
		};
		FE4130411EA8E5CD0070F690 /* Release */ = {
			isa = XCBuildConfiguration;
			buildSettings = {
				ALWAYS_SEARCH_USER_PATHS = NO;
				CLANG_ANALYZER_NONNULL = YES;
				CLANG_ANALYZER_NUMBER_OBJECT_CONVERSION = YES_AGGRESSIVE;
				CLANG_CXX_LANGUAGE_STANDARD = "gnu++0x";
				CLANG_CXX_LIBRARY = "libc++";
				CLANG_ENABLE_MODULES = YES;
				CLANG_ENABLE_OBJC_ARC = YES;
				CLANG_WARN_BOOL_CONVERSION = YES;
				CLANG_WARN_CONSTANT_CONVERSION = YES;
				CLANG_WARN_DIRECT_OBJC_ISA_USAGE = YES_ERROR;
				CLANG_WARN_DOCUMENTATION_COMMENTS = YES;
				CLANG_WARN_EMPTY_BODY = YES;
				CLANG_WARN_ENUM_CONVERSION = YES;
				CLANG_WARN_INFINITE_RECURSION = YES;
				CLANG_WARN_INT_CONVERSION = YES;
				CLANG_WARN_OBJC_ROOT_CLASS = YES_ERROR;
				CLANG_WARN_SUSPICIOUS_MOVE = YES;
				CLANG_WARN_UNREACHABLE_CODE = YES;
				CLANG_WARN__DUPLICATE_METHOD_MATCH = YES;
				"CODE_SIGN_IDENTITY[sdk=iphoneos*]" = "iPhone Developer";
				COPY_PHASE_STRIP = NO;
				DEBUG_INFORMATION_FORMAT = "dwarf-with-dsym";
				ENABLE_NS_ASSERTIONS = NO;
				ENABLE_STRICT_OBJC_MSGSEND = YES;
				GCC_C_LANGUAGE_STANDARD = gnu99;
				GCC_NO_COMMON_BLOCKS = YES;
				GCC_WARN_64_TO_32_BIT_CONVERSION = YES;
				GCC_WARN_ABOUT_RETURN_TYPE = YES_ERROR;
				GCC_WARN_UNDECLARED_SELECTOR = YES;
				GCC_WARN_UNINITIALIZED_AUTOS = YES_AGGRESSIVE;
				GCC_WARN_UNUSED_FUNCTION = YES;
				GCC_WARN_UNUSED_VARIABLE = YES;
				IPHONEOS_DEPLOYMENT_TARGET = 10.3;
				MTL_ENABLE_DEBUG_INFO = NO;
				SDKROOT = iphoneos;
				SWIFT_OPTIMIZATION_LEVEL = "-Owholemodule";
				TARGETED_DEVICE_FAMILY = "1,2";
				VALIDATE_PRODUCT = YES;
			};
			name = Release;
		};
		FE4130431EA8E5CD0070F690 /* Debug */ = {
			isa = XCBuildConfiguration;
			buildSettings = {
				ASSETCATALOG_COMPILER_APPICON_NAME = AppIcon;
				CLANG_ENABLE_MODULES = YES;
				DEVELOPMENT_TEAM = 7F6HZ4V33U;
				INFOPLIST_FILE = Wukong/Info.plist;
				LD_RUNPATH_SEARCH_PATHS = "$(inherited) @executable_path/Frameworks";
				PRODUCT_BUNDLE_IDENTIFIER = me.qusic.Wukong;
				PRODUCT_NAME = "$(TARGET_NAME)";
				SWIFT_OPTIMIZATION_LEVEL = "-Onone";
				SWIFT_VERSION = 3.0;
			};
			name = Debug;
		};
		FE4130441EA8E5CD0070F690 /* Release */ = {
			isa = XCBuildConfiguration;
			buildSettings = {
				ASSETCATALOG_COMPILER_APPICON_NAME = AppIcon;
				CLANG_ENABLE_MODULES = YES;
				DEVELOPMENT_TEAM = 7F6HZ4V33U;
				INFOPLIST_FILE = Wukong/Info.plist;
				LD_RUNPATH_SEARCH_PATHS = "$(inherited) @executable_path/Frameworks";
				PRODUCT_BUNDLE_IDENTIFIER = me.qusic.Wukong;
				PRODUCT_NAME = "$(TARGET_NAME)";
				SWIFT_VERSION = 3.0;
			};
			name = Release;
		};
/* End XCBuildConfiguration section */

/* Begin XCConfigurationList section */
		FE41302B1EA8E5CD0070F690 /* Build configuration list for PBXProject "Wukong" */ = {
			isa = XCConfigurationList;
			buildConfigurations = (
				FE4130401EA8E5CD0070F690 /* Debug */,
				FE4130411EA8E5CD0070F690 /* Release */,
			);
			defaultConfigurationIsVisible = 0;
			defaultConfigurationName = Release;
		};
		FE4130421EA8E5CD0070F690 /* Build configuration list for PBXNativeTarget "Wukong" */ = {
			isa = XCConfigurationList;
			buildConfigurations = (
				FE4130431EA8E5CD0070F690 /* Debug */,
				FE4130441EA8E5CD0070F690 /* Release */,
			);
			defaultConfigurationIsVisible = 0;
			defaultConfigurationName = Release;
		};
/* End XCConfigurationList section */
	};
	rootObject = FE4130281EA8E5CD0070F690 /* Project object */;
}
