// !$*UTF8*$!
{
	archiveVersion = 1;
	classes = {
	};
	objectVersion = 46;
	objects = {

/* Begin PBXBuildFile section */
		BF_110824834803 /* PlaylistSongCell.swift in Sources */ = {isa = PBXBuildFile; fileRef = FR_381604957270 /* PlaylistSongCell.swift */; };
		BF_151328093143 /* AppDelegate.swift in Sources */ = {isa = PBXBuildFile; fileRef = FR_716830698989 /* AppDelegate.swift */; };
		BF_157048279139 /* DataLoader.swift in Sources */ = {isa = PBXBuildFile; fileRef = FR_660220834522 /* DataLoader.swift */; };
		BF_322315311894 /* GlobalConstant.swift in Sources */ = {isa = PBXBuildFile; fileRef = FR_721538265150 /* GlobalConstant.swift */; };
		BF_370045719292 /* AudioPlayer.swift in Sources */ = {isa = PBXBuildFile; fileRef = FR_639588594939 /* AudioPlayer.swift */; };
		BF_371386510029 /* ConfigViewController.swift in Sources */ = {isa = PBXBuildFile; fileRef = FR_397519964857 /* ConfigViewController.swift */; };
		BF_392208620212 /* Eureka.framework in Frameworks */ = {isa = PBXBuildFile; fileRef = FR_901056093791 /* Eureka.framework */; };
		BF_456861894380 /* ImageView.swift in Sources */ = {isa = PBXBuildFile; fileRef = FR_676655548880 /* ImageView.swift */; };
		BF_467521583253 /* ChannelMembersCell.swift in Sources */ = {isa = PBXBuildFile; fileRef = FR_675894263376 /* ChannelMembersCell.swift */; };
		BF_492426738835 /* WukongClient.swift in Sources */ = {isa = PBXBuildFile; fileRef = FR_813017000685 /* WukongClient.swift */; };
		BF_509400474474 /* Assets.xcassets in Resources */ = {isa = PBXBuildFile; fileRef = FR_178622342370 /* Assets.xcassets */; };
		BF_526532996216 /* ScriptLoader.swift in Sources */ = {isa = PBXBuildFile; fileRef = FR_912376226517 /* ScriptLoader.swift */; };
		BF_580833976803 /* ListenViewController.swift in Sources */ = {isa = PBXBuildFile; fileRef = FR_290685957493 /* ListenViewController.swift */; };
		BF_680812063471 /* SwiftWebSocket.framework in Frameworks */ = {isa = PBXBuildFile; fileRef = FR_175304009907 /* SwiftWebSocket.framework */; };
		BF_724950490452 = {isa = PBXBuildFile; fileRef = FR_479401190694 /* Wukong.app */; };
		BF_797155314205 /* CurrentLyricsCell.swift in Sources */ = {isa = PBXBuildFile; fileRef = FR_859356150018 /* CurrentLyricsCell.swift */; };
		BF_814166748977 /* WebViewController.swift in Sources */ = {isa = PBXBuildFile; fileRef = FR_656972232205 /* WebViewController.swift */; };
		BF_837785425864 /* SearchViewController.swift in Sources */ = {isa = PBXBuildFile; fileRef = FR_750131657384 /* SearchViewController.swift */; };
		BF_847177991816 /* PlayingSongCell.swift in Sources */ = {isa = PBXBuildFile; fileRef = FR_352085819625 /* PlayingSongCell.swift */; };
		BF_866699968004 /* ChannelMemberCell.swift in Sources */ = {isa = PBXBuildFile; fileRef = FR_753908432169 /* ChannelMemberCell.swift */; };
		BF_876218719837 /* AppController.swift in Sources */ = {isa = PBXBuildFile; fileRef = FR_198956807887 /* AppController.swift */; };
		BF_991923679468 /* Cartography.framework in Frameworks */ = {isa = PBXBuildFile; fileRef = FR_744426252156 /* Cartography.framework */; };
		BF_996582970139 /* LaunchScreen.storyboard in Resources */ = {isa = PBXBuildFile; fileRef = VG_742148074595 /* LaunchScreen.storyboard */; };
/* End PBXBuildFile section */

/* Begin PBXFileReference section */
		FR_175304009907 /* SwiftWebSocket.framework */ = {isa = PBXFileReference; lastKnownFileType = wrapper.framework; path = SwiftWebSocket.framework; sourceTree = "<group>"; };
		FR_178622342370 /* Assets.xcassets */ = {isa = PBXFileReference; lastKnownFileType = folder.assetcatalog; path = Assets.xcassets; sourceTree = "<group>"; };
		FR_198956807887 /* AppController.swift */ = {isa = PBXFileReference; lastKnownFileType = sourcecode.swift; path = AppController.swift; sourceTree = "<group>"; };
		FR_290685957493 /* ListenViewController.swift */ = {isa = PBXFileReference; lastKnownFileType = sourcecode.swift; path = ListenViewController.swift; sourceTree = "<group>"; };
		FR_352085819625 /* PlayingSongCell.swift */ = {isa = PBXFileReference; lastKnownFileType = sourcecode.swift; path = PlayingSongCell.swift; sourceTree = "<group>"; };
		FR_381604957270 /* PlaylistSongCell.swift */ = {isa = PBXFileReference; lastKnownFileType = sourcecode.swift; path = PlaylistSongCell.swift; sourceTree = "<group>"; };
		FR_397519964857 /* ConfigViewController.swift */ = {isa = PBXFileReference; lastKnownFileType = sourcecode.swift; path = ConfigViewController.swift; sourceTree = "<group>"; };
		FR_415727378638 /* Info.plist */ = {isa = PBXFileReference; lastKnownFileType = text.plist.xml; path = Info.plist; sourceTree = "<group>"; };
		FR_479401190694 /* Wukong.app */ = {isa = PBXFileReference; includeInIndex = 0; lastKnownFileType = wrapper.application; path = Wukong.app; sourceTree = BUILT_PRODUCTS_DIR; };
		FR_639588594939 /* AudioPlayer.swift */ = {isa = PBXFileReference; lastKnownFileType = sourcecode.swift; path = AudioPlayer.swift; sourceTree = "<group>"; };
		FR_656972232205 /* WebViewController.swift */ = {isa = PBXFileReference; lastKnownFileType = sourcecode.swift; path = WebViewController.swift; sourceTree = "<group>"; };
		FR_660220834522 /* DataLoader.swift */ = {isa = PBXFileReference; lastKnownFileType = sourcecode.swift; path = DataLoader.swift; sourceTree = "<group>"; };
		FR_675894263376 /* ChannelMembersCell.swift */ = {isa = PBXFileReference; lastKnownFileType = sourcecode.swift; path = ChannelMembersCell.swift; sourceTree = "<group>"; };
		FR_676655548880 /* ImageView.swift */ = {isa = PBXFileReference; lastKnownFileType = sourcecode.swift; path = ImageView.swift; sourceTree = "<group>"; };
		FR_716830698989 /* AppDelegate.swift */ = {isa = PBXFileReference; lastKnownFileType = sourcecode.swift; path = AppDelegate.swift; sourceTree = "<group>"; };
		FR_721538265150 /* GlobalConstant.swift */ = {isa = PBXFileReference; lastKnownFileType = sourcecode.swift; path = GlobalConstant.swift; sourceTree = "<group>"; };
		FR_742148074595 /* Base */ = {isa = PBXFileReference; lastKnownFileType = file.storyboard; name = Base; path = Base.lproj/LaunchScreen.storyboard; sourceTree = "<group>"; };
		FR_744426252156 /* Cartography.framework */ = {isa = PBXFileReference; lastKnownFileType = wrapper.framework; path = Cartography.framework; sourceTree = "<group>"; };
		FR_750131657384 /* SearchViewController.swift */ = {isa = PBXFileReference; lastKnownFileType = sourcecode.swift; path = SearchViewController.swift; sourceTree = "<group>"; };
		FR_753908432169 /* ChannelMemberCell.swift */ = {isa = PBXFileReference; lastKnownFileType = sourcecode.swift; path = ChannelMemberCell.swift; sourceTree = "<group>"; };
		FR_813017000685 /* WukongClient.swift */ = {isa = PBXFileReference; lastKnownFileType = sourcecode.swift; path = WukongClient.swift; sourceTree = "<group>"; };
		FR_859356150018 /* CurrentLyricsCell.swift */ = {isa = PBXFileReference; lastKnownFileType = sourcecode.swift; path = CurrentLyricsCell.swift; sourceTree = "<group>"; };
		FR_901056093791 /* Eureka.framework */ = {isa = PBXFileReference; lastKnownFileType = wrapper.framework; path = Eureka.framework; sourceTree = "<group>"; };
		FR_912376226517 /* ScriptLoader.swift */ = {isa = PBXFileReference; lastKnownFileType = sourcecode.swift; path = ScriptLoader.swift; sourceTree = "<group>"; };
/* End PBXFileReference section */

/* Begin PBXFrameworksBuildPhase section */
		FBP_47940119069 /* Frameworks */ = {
			isa = PBXFrameworksBuildPhase;
			buildActionMask = 2147483647;
			files = (
				BF_991923679468 /* Cartography.framework in Frameworks */,
				BF_680812063471 /* SwiftWebSocket.framework in Frameworks */,
				BF_392208620212 /* Eureka.framework in Frameworks */,
			);
			runOnlyForDeploymentPostprocessing = 0;
		};
/* End PBXFrameworksBuildPhase section */

/* Begin PBXGroup section */
		G_1295892141826 /* UI */ = {
			isa = PBXGroup;
			children = (
				G_3022965978810 /* Cells */,
				G_3023129697532 /* Pages */,
				G_3020015795755 /* Views */,
				FR_198956807887 /* AppController.swift */,
				FR_716830698989 /* AppDelegate.swift */,
			);
			path = UI;
			sourceTree = "<group>";
		};
		G_1952740716080 /* Frameworks */ = {
			isa = PBXGroup;
			children = (
				G_2883690153011 /* Carthage */,
			);
			name = Frameworks;
			sourceTree = "<group>";
		};
		G_2020746097938 /* Resources */ = {
			isa = PBXGroup;
			children = (
				FR_178622342370 /* Assets.xcassets */,
				FR_415727378638 /* Info.plist */,
				VG_742148074595 /* LaunchScreen.storyboard */,
			);
			path = Resources;
			sourceTree = "<group>";
		};
		G_2262017438925 /* iOS */ = {
			isa = PBXGroup;
			children = (
				FR_744426252156 /* Cartography.framework */,
				FR_901056093791 /* Eureka.framework */,
				FR_175304009907 /* SwiftWebSocket.framework */,
			);
			path = iOS;
			sourceTree = "<group>";
		};
		G_2883690153011 /* Carthage */ = {
			isa = PBXGroup;
			children = (
				G_2262017438925 /* iOS */,
			);
			name = Carthage;
			path = Carthage/Build;
			sourceTree = "<group>";
		};
		G_3020015795755 /* Views */ = {
			isa = PBXGroup;
			children = (
				FR_676655548880 /* ImageView.swift */,
			);
			path = Views;
			sourceTree = "<group>";
		};
		G_3022965978810 /* Cells */ = {
			isa = PBXGroup;
			children = (
				FR_753908432169 /* ChannelMemberCell.swift */,
				FR_675894263376 /* ChannelMembersCell.swift */,
				FR_859356150018 /* CurrentLyricsCell.swift */,
				FR_352085819625 /* PlayingSongCell.swift */,
				FR_381604957270 /* PlaylistSongCell.swift */,
			);
			path = Cells;
			sourceTree = "<group>";
		};
		G_3023129697532 /* Pages */ = {
			isa = PBXGroup;
			children = (
				FR_397519964857 /* ConfigViewController.swift */,
				FR_290685957493 /* ListenViewController.swift */,
				FR_750131657384 /* SearchViewController.swift */,
				FR_656972232205 /* WebViewController.swift */,
			);
			path = Pages;
			sourceTree = "<group>";
		};
		G_4794011906947 /* Wukong */ = {
			isa = PBXGroup;
			children = (
				G_4967053265781 /* Client */,
				G_2020746097938 /* Resources */,
				G_1295892141826 /* UI */,
			);
			path = Wukong;
			sourceTree = "<group>";
		};
		G_4967053265781 /* Client */ = {
			isa = PBXGroup;
			children = (
				FR_639588594939 /* AudioPlayer.swift */,
				FR_660220834522 /* DataLoader.swift */,
				FR_721538265150 /* GlobalConstant.swift */,
				FR_912376226517 /* ScriptLoader.swift */,
				FR_813017000685 /* WukongClient.swift */,
			);
			path = Client;
			sourceTree = "<group>";
		};
		G_8448771205358 = {
			isa = PBXGroup;
			children = (
				G_1952740716080 /* Frameworks */,
				G_8620238527590 /* Products */,
				G_4794011906947 /* Wukong */,
			);
			sourceTree = "<group>";
		};
		G_8620238527590 /* Products */ = {
			isa = PBXGroup;
			children = (
				FR_479401190694 /* Wukong.app */,
			);
			name = Products;
			sourceTree = "<group>";
		};
/* End PBXGroup section */

/* Begin PBXNativeTarget section */
		NT_479401190694 /* Wukong */ = {
			isa = PBXNativeTarget;
			buildConfigurationList = "CL_479401190694-1" /* Build configuration list for PBXNativeTarget "Wukong" */;
			buildPhases = (
				SBP_47940119069 /* Sources */,
				RBP_47940119069 /* Resources */,
				FBP_47940119069 /* Frameworks */,
				SSBP_4942965811 /* Carthage */,
			);
			buildRules = (
			);
			dependencies = (
			);
			name = Wukong;
			productName = Wukong;
			productReference = FR_479401190694 /* Wukong.app */;
			productType = "com.apple.product-type.application";
		};
/* End PBXNativeTarget section */

/* Begin PBXProject section */
		P_4794011906947 /* Project object */ = {
			isa = PBXProject;
			attributes = {
				LastUpgradeCheck = 0930;
			};
			buildConfigurationList = CL_479401190694 /* Build configuration list for PBXProject "Wukong" */;
			compatibilityVersion = "Xcode 3.2";
			developmentRegion = en;
			hasScannedForEncodings = 0;
			knownRegions = (
				Base,
			);
			mainGroup = G_8448771205358;
			projectDirPath = "";
			projectRoot = "";
			targets = (
				NT_479401190694 /* Wukong */,
			);
		};
/* End PBXProject section */

/* Begin PBXResourcesBuildPhase section */
		RBP_47940119069 /* Resources */ = {
			isa = PBXResourcesBuildPhase;
			buildActionMask = 2147483647;
			files = (
				BF_509400474474 /* Assets.xcassets in Resources */,
				BF_996582970139 /* LaunchScreen.storyboard in Resources */,
			);
			runOnlyForDeploymentPostprocessing = 0;
		};
/* End PBXResourcesBuildPhase section */

/* Begin PBXShellScriptBuildPhase section */
		SSBP_4942965811 /* Carthage */ = {
			isa = PBXShellScriptBuildPhase;
			buildActionMask = 2147483647;
			files = (
			);
			inputPaths = (
				"$(SRCROOT)/Carthage/Build/iOS/Cartography.framework",
				"$(SRCROOT)/Carthage/Build/iOS/Eureka.framework",
				"$(SRCROOT)/Carthage/Build/iOS/SwiftWebSocket.framework",
			);
			name = Carthage;
			outputPaths = (
				"$(BUILT_PRODUCTS_DIR)/$(FRAMEWORKS_FOLDER_PATH)/Cartography.framework",
				"$(BUILT_PRODUCTS_DIR)/$(FRAMEWORKS_FOLDER_PATH)/Eureka.framework",
				"$(BUILT_PRODUCTS_DIR)/$(FRAMEWORKS_FOLDER_PATH)/SwiftWebSocket.framework",
			);
			runOnlyForDeploymentPostprocessing = 0;
			shellPath = /bin/sh;
			shellScript = "carthage copy-frameworks\n";
		};
/* End PBXShellScriptBuildPhase section */

/* Begin PBXSourcesBuildPhase section */
		SBP_47940119069 /* Sources */ = {
			isa = PBXSourcesBuildPhase;
			buildActionMask = 2147483647;
			files = (
				BF_876218719837 /* AppController.swift in Sources */,
				BF_151328093143 /* AppDelegate.swift in Sources */,
				BF_370045719292 /* AudioPlayer.swift in Sources */,
				BF_866699968004 /* ChannelMemberCell.swift in Sources */,
				BF_467521583253 /* ChannelMembersCell.swift in Sources */,
				BF_371386510029 /* ConfigViewController.swift in Sources */,
				BF_797155314205 /* CurrentLyricsCell.swift in Sources */,
				BF_157048279139 /* DataLoader.swift in Sources */,
				BF_322315311894 /* GlobalConstant.swift in Sources */,
				BF_456861894380 /* ImageView.swift in Sources */,
				BF_580833976803 /* ListenViewController.swift in Sources */,
				BF_847177991816 /* PlayingSongCell.swift in Sources */,
				BF_110824834803 /* PlaylistSongCell.swift in Sources */,
				BF_526532996216 /* ScriptLoader.swift in Sources */,
				BF_837785425864 /* SearchViewController.swift in Sources */,
				BF_814166748977 /* WebViewController.swift in Sources */,
				BF_492426738835 /* WukongClient.swift in Sources */,
			);
			runOnlyForDeploymentPostprocessing = 0;
		};
/* End PBXSourcesBuildPhase section */

/* Begin PBXVariantGroup section */
		VG_742148074595 /* LaunchScreen.storyboard */ = {
			isa = PBXVariantGroup;
			children = (
				FR_742148074595 /* Base */,
			);
			name = LaunchScreen.storyboard;
			sourceTree = "<group>";
		};
/* End PBXVariantGroup section */

/* Begin XCBuildConfiguration section */
		BC_273977270680 /* Debug */ = {
			isa = XCBuildConfiguration;
			buildSettings = {
				ALWAYS_EMBED_SWIFT_STANDARD_LIBRARIES = YES;
				ASSETCATALOG_COMPILER_APPICON_NAME = AppIcon;
				"CODE_SIGN_IDENTITY[sdk=iphoneos*]" = "iPhone Developer";
				FRAMEWORK_SEARCH_PATHS = (
					"$(inherited)",
					"$(PROJECT_DIR)/Carthage/Build/iOS",
				);
				INFOPLIST_FILE = Wukong/Resources/Info.plist;
				IPHONEOS_DEPLOYMENT_TARGET = 11.0;
				LD_RUNPATH_SEARCH_PATHS = "$(inherited) @executable_path/Frameworks";
				SDKROOT = iphoneos;
				TARGETED_DEVICE_FAMILY = "1,2";
			};
			name = Debug;
		};
		BC_479945831424 /* Debug */ = {
			isa = XCBuildConfiguration;
			buildSettings = {
				ALWAYS_SEARCH_USER_PATHS = NO;
				CLANG_ANALYZER_NONNULL = YES;
				CLANG_ANALYZER_NUMBER_OBJECT_CONVERSION = YES_AGGRESSIVE;
				CLANG_CXX_LANGUAGE_STANDARD = "gnu++14";
				CLANG_CXX_LIBRARY = "libc++";
				CLANG_ENABLE_MODULES = YES;
				CLANG_ENABLE_OBJC_ARC = YES;
				CLANG_WARN_BLOCK_CAPTURE_AUTORELEASING = YES;
				CLANG_WARN_BOOL_CONVERSION = YES;
				CLANG_WARN_COMMA = YES;
				CLANG_WARN_CONSTANT_CONVERSION = YES;
				CLANG_WARN_DEPRECATED_OBJC_IMPLEMENTATIONS = YES;
				CLANG_WARN_DIRECT_OBJC_ISA_USAGE = YES_ERROR;
				CLANG_WARN_DOCUMENTATION_COMMENTS = YES;
				CLANG_WARN_EMPTY_BODY = YES;
				CLANG_WARN_ENUM_CONVERSION = YES;
				CLANG_WARN_INFINITE_RECURSION = YES;
				CLANG_WARN_INT_CONVERSION = YES;
				CLANG_WARN_NON_LITERAL_NULL_CONVERSION = YES;
				CLANG_WARN_OBJC_IMPLICIT_RETAIN_SELF = YES;
				CLANG_WARN_OBJC_LITERAL_CONVERSION = YES;
				CLANG_WARN_OBJC_ROOT_CLASS = YES_ERROR;
				CLANG_WARN_RANGE_LOOP_ANALYSIS = YES;
				CLANG_WARN_STRICT_PROTOTYPES = YES;
				CLANG_WARN_SUSPICIOUS_MOVE = YES;
				CLANG_WARN_UNGUARDED_AVAILABILITY = YES_AGGRESSIVE;
				CLANG_WARN_UNREACHABLE_CODE = YES;
				CLANG_WARN__DUPLICATE_METHOD_MATCH = YES;
				COPY_PHASE_STRIP = NO;
				DEBUG_INFORMATION_FORMAT = dwarf;
				ENABLE_STRICT_OBJC_MSGSEND = YES;
				ENABLE_TESTABILITY = YES;
				GCC_C_LANGUAGE_STANDARD = gnu11;
				GCC_DYNAMIC_NO_PIC = NO;
				GCC_NO_COMMON_BLOCKS = YES;
				GCC_OPTIMIZATION_LEVEL = 0;
				GCC_PREPROCESSOR_DEFINITIONS = (
					"$(inherited)",
					"DEBUG=1",
				);
				GCC_WARN_64_TO_32_BIT_CONVERSION = YES;
				GCC_WARN_ABOUT_RETURN_TYPE = YES_ERROR;
				GCC_WARN_UNDECLARED_SELECTOR = YES;
				GCC_WARN_UNINITIALIZED_AUTOS = YES_AGGRESSIVE;
				GCC_WARN_UNUSED_FUNCTION = YES;
				GCC_WARN_UNUSED_VARIABLE = YES;
				MTL_ENABLE_DEBUG_INFO = YES;
				ONLY_ACTIVE_ARCH = YES;
				PRODUCT_NAME = "$(TARGET_NAME)";
				SWIFT_ACTIVE_COMPILATION_CONDITIONS = DEBUG;
				SWIFT_OPTIMIZATION_LEVEL = "-Onone";
				SWIFT_VERSION = 4.0;
			};
			name = Debug;
		};
		BC_506467439390 /* Release */ = {
			isa = XCBuildConfiguration;
			buildSettings = {
				ALWAYS_EMBED_SWIFT_STANDARD_LIBRARIES = YES;
				ASSETCATALOG_COMPILER_APPICON_NAME = AppIcon;
				"CODE_SIGN_IDENTITY[sdk=iphoneos*]" = "iPhone Developer";
				FRAMEWORK_SEARCH_PATHS = (
					"$(inherited)",
					"$(PROJECT_DIR)/Carthage/Build/iOS",
				);
				INFOPLIST_FILE = Wukong/Resources/Info.plist;
				IPHONEOS_DEPLOYMENT_TARGET = 11.0;
				LD_RUNPATH_SEARCH_PATHS = "$(inherited) @executable_path/Frameworks";
				SDKROOT = iphoneos;
				TARGETED_DEVICE_FAMILY = "1,2";
			};
			name = Release;
		};
		BC_881114754245 /* Release */ = {
			isa = XCBuildConfiguration;
			buildSettings = {
				ALWAYS_SEARCH_USER_PATHS = NO;
				CLANG_ANALYZER_NONNULL = YES;
				CLANG_ANALYZER_NUMBER_OBJECT_CONVERSION = YES_AGGRESSIVE;
				CLANG_CXX_LANGUAGE_STANDARD = "gnu++14";
				CLANG_CXX_LIBRARY = "libc++";
				CLANG_ENABLE_MODULES = YES;
				CLANG_ENABLE_OBJC_ARC = YES;
				CLANG_WARN_BLOCK_CAPTURE_AUTORELEASING = YES;
				CLANG_WARN_BOOL_CONVERSION = YES;
				CLANG_WARN_COMMA = YES;
				CLANG_WARN_CONSTANT_CONVERSION = YES;
				CLANG_WARN_DEPRECATED_OBJC_IMPLEMENTATIONS = YES;
				CLANG_WARN_DIRECT_OBJC_ISA_USAGE = YES_ERROR;
				CLANG_WARN_DOCUMENTATION_COMMENTS = YES;
				CLANG_WARN_EMPTY_BODY = YES;
				CLANG_WARN_ENUM_CONVERSION = YES;
				CLANG_WARN_INFINITE_RECURSION = YES;
				CLANG_WARN_INT_CONVERSION = YES;
				CLANG_WARN_NON_LITERAL_NULL_CONVERSION = YES;
				CLANG_WARN_OBJC_IMPLICIT_RETAIN_SELF = YES;
				CLANG_WARN_OBJC_LITERAL_CONVERSION = YES;
				CLANG_WARN_OBJC_ROOT_CLASS = YES_ERROR;
				CLANG_WARN_RANGE_LOOP_ANALYSIS = YES;
				CLANG_WARN_STRICT_PROTOTYPES = YES;
				CLANG_WARN_SUSPICIOUS_MOVE = YES;
				CLANG_WARN_UNGUARDED_AVAILABILITY = YES_AGGRESSIVE;
				CLANG_WARN_UNREACHABLE_CODE = YES;
				CLANG_WARN__DUPLICATE_METHOD_MATCH = YES;
				COPY_PHASE_STRIP = NO;
				DEBUG_INFORMATION_FORMAT = "dwarf-with-dsym";
				ENABLE_NS_ASSERTIONS = NO;
				ENABLE_STRICT_OBJC_MSGSEND = YES;
				GCC_C_LANGUAGE_STANDARD = gnu11;
				GCC_NO_COMMON_BLOCKS = YES;
				GCC_WARN_64_TO_32_BIT_CONVERSION = YES;
				GCC_WARN_ABOUT_RETURN_TYPE = YES_ERROR;
				GCC_WARN_UNDECLARED_SELECTOR = YES;
				GCC_WARN_UNINITIALIZED_AUTOS = YES_AGGRESSIVE;
				GCC_WARN_UNUSED_FUNCTION = YES;
				GCC_WARN_UNUSED_VARIABLE = YES;
				PRODUCT_NAME = "$(TARGET_NAME)";
				SWIFT_OPTIMIZATION_LEVEL = "-Owholemodule";
				SWIFT_VERSION = 4.0;
				VALIDATE_PRODUCT = YES;
			};
			name = Release;
		};
/* End XCBuildConfiguration section */

/* Begin XCConfigurationList section */
		CL_479401190694 /* Build configuration list for PBXProject "Wukong" */ = {
			isa = XCConfigurationList;
			buildConfigurations = (
				BC_479945831424 /* Debug */,
				BC_881114754245 /* Release */,
			);
			defaultConfigurationIsVisible = 0;
			defaultConfigurationName = Debug;
		};
		"CL_479401190694-1" /* Build configuration list for PBXNativeTarget "Wukong" */ = {
			isa = XCConfigurationList;
			buildConfigurations = (
				BC_273977270680 /* Debug */,
				BC_506467439390 /* Release */,
			);
			defaultConfigurationIsVisible = 0;
			defaultConfigurationName = "";
		};
/* End XCConfigurationList section */
	};
	rootObject = P_4794011906947 /* Project object */;
}
